github.com/wangzuo/color v0.0.0-20181023095409-de97e8dc3d5b h1:9RwSCiaSPC09A97+Cr0kQ+MeyQTJiqdyqVhrpAeSQ3o=
github.com/wangzuo/color v0.0.0-20181023100452-fd943d8b899d h1:8TlUsoRozh6x2BFHcI8eTUbrQSJ2Yjba9ycgoBXDC0I=
github.com/wangzuo/color v0.0.0-20181023100452-fd943d8b899d/go.mod h1:1qnFWquMDlEt9K3v58DArHmNDGiJtdQAnVZ1JYpkLfw=
